{
  "name": "texnomic.blazor.jsonviewer",
  "version": "0.1.0",
  "lockfileVersion": 1,
  "requires": true,
  "dependencies": {
    "@alenaksu/json-viewer": {
      "version": "0.1.0",
      "resolved": "https://registry.npmjs.org/@alenaksu/json-viewer/-/json-viewer-0.1.0.tgz",
      "integrity": "sha512-C9l1cWJxpxJu4p2JNBTqmOsC8CFGhHHPuoJgev0kwMLuHcrZ95rSaWGLdlIPIAOJ06xW/msV4OZnO/Loud2Eow==",
      "requires": {
        "@tiny-lit/element": "^2.0.0-alpha.1"
      }
    },
    "@tiny-lit/core": {
      "version": "2.0.0-alpha.6",
      "resolved": "https://registry.npmjs.org/@tiny-lit/core/-/core-2.0.0-alpha.6.tgz",
      "integrity": "sha512-uXCRbbgFQIQpHCagQT53N1W+x/0FDqE2+RXLcuhwM98kqymQgd+ZkNyJdg/f7xZ/7XQAK+QTc2GMjKq8bxD3+A=="
    },
    "@tiny-lit/element": {
      "version": "2.0.0-alpha.6",
      "resolved": "https://registry.npmjs.org/@tiny-lit/element/-/element-2.0.0-alpha.6.tgz",
      "integrity": "sha512-HXu5e/QEftPat+52h5EFHDyO7aUAe1gUzNZje3mmS0dQE7MKct6kf1h2DEE2oCf1a+1IMAGgJa5NSDNKTjIyEA==",
      "requires": {
        "@tiny-lit/core": "^2.0.0-alpha.6"
      }
    }
  }
}
